
Microsoft Visual Studio Solution File, Format Version 12.00
# Visual Studio Version 17
VisualStudioVersion = 17.5.33414.496
MinimumVisualStudioVersion = 10.0.40219.1
Project("{FAE04EC0-301F-11D3-BF4B-00C04F79EFBC}") = "ConsoleApp1", "ConsoleApp1\ConsoleApp1.csproj", "{8DB26E48-1093-458A-BEF9-43F06617025E}"
EndProject
Project("{FAE04EC0-301F-11D3-BF4B-00C04F79EFBC}") = "ClassLibrary1", "ClassLibrary1\ClassLibrary1.csproj", "{9A432B5F-0840-4580-A38F-ECE4C53A9440}"
EndProject
Global
	GlobalSection(SolutionConfigurationPlatforms) = preSolution
		Debug|Any CPU = Debug|Any CPU
		Release|Any CPU = Release|Any CPU
	EndGlobalSection
	GlobalSection(ProjectConfigurationPlatforms) = postSolution
		{8DB26E48-1093-458A-BEF9-43F06617025E}.Debug|Any CPU.ActiveCfg = Debug|Any CPU
		{8DB26E48-1093-458A-BEF9-43F06617025E}.Debug|Any CPU.Build.0 = Debug|Any CPU
		{8DB26E48-1093-458A-BEF9-43F06617025E}.Release|Any CPU.ActiveCfg = Release|Any CPU
		{8DB26E48-1093-458A-BEF9-43F06617025E}.Release|Any CPU.Build.0 = Release|Any CPU
		{9A432B5F-0840-4580-A38F-ECE4C53A9440}.Debug|Any CPU.ActiveCfg = Debug|Any CPU
		{9A432B5F-0840-4580-A38F-ECE4C53A9440}.Debug|Any CPU.Build.0 = Debug|Any CPU
		{9A432B5F-0840-4580-A38F-ECE4C53A9440}.Release|Any CPU.ActiveCfg = Release|Any CPU
		{9A432B5F-0840-4580-A38F-ECE4C53A9440}.Release|Any CPU.Build.0 = Release|Any CPU
	EndGlobalSection
	GlobalSection(SolutionProperties) = preSolution
		HideSolutionNode = FALSE
	EndGlobalSection
	GlobalSection(ExtensibilityGlobals) = postSolution
		SolutionGuid = {60CBB621-E307-43AC-96D5-1E9D0543673D}
	EndGlobalSection
EndGlobal
